// !$*UTF8*$!
{
	archiveVersion = 1;
	classes = {
	};
	objectVersion = 55;
	objects = {

/* Begin PBXBuildFile section */
		81B982DC3783D8DE870C8672 /* Pods_piaxfbswiftui.framework in Frameworks */ = {isa = PBXBuildFile; fileRef = 0FE22738ED3444EB3934AA65 /* Pods_piaxfbswiftui.framework */; };
		ABE7CDBE2746413F00A73578 /* piaxfbswiftuiApp.swift in Sources */ = {isa = PBXBuildFile; fileRef = ABE7CDBD2746413F00A73578 /* piaxfbswiftuiApp.swift */; };
		ABE7CDC02746413F00A73578 /* ContentView.swift in Sources */ = {isa = PBXBuildFile; fileRef = ABE7CDBF2746413F00A73578 /* ContentView.swift */; };
		ABE7CDC22746414000A73578 /* Assets.xcassets in Resources */ = {isa = PBXBuildFile; fileRef = ABE7CDC12746414000A73578 /* Assets.xcassets */; };
		ABE7CDC52746414000A73578 /* Preview Assets.xcassets in Resources */ = {isa = PBXBuildFile; fileRef = ABE7CDC42746414000A73578 /* Preview Assets.xcassets */; };
		ABE7CDCC2746420E00A73578 /* GoogleService-Info.plist in Resources */ = {isa = PBXBuildFile; fileRef = ABE7CDCB2746420E00A73578 /* GoogleService-Info.plist */; };
		ABE7CDCE27464C3A00A73578 /* FBHelper.swift in Sources */ = {isa = PBXBuildFile; fileRef = ABE7CDCD27464C3A00A73578 /* FBHelper.swift */; };
/* End PBXBuildFile section */

/* Begin PBXFileReference section */
		0FE22738ED3444EB3934AA65 /* Pods_piaxfbswiftui.framework */ = {isa = PBXFileReference; explicitFileType = wrapper.framework; includeInIndex = 0; path = Pods_piaxfbswiftui.framework; sourceTree = BUILT_PRODUCTS_DIR; };
		724BE15FAA4EC260B6E01284 /* Pods-piaxfbswiftui.release.xcconfig */ = {isa = PBXFileReference; includeInIndex = 1; lastKnownFileType = text.xcconfig; name = "Pods-piaxfbswiftui.release.xcconfig"; path = "Target Support Files/Pods-piaxfbswiftui/Pods-piaxfbswiftui.release.xcconfig"; sourceTree = "<group>"; };
		866C1D498BAEF36BA9E45B33 /* Pods-piaxfbswiftui.debug.xcconfig */ = {isa = PBXFileReference; includeInIndex = 1; lastKnownFileType = text.xcconfig; name = "Pods-piaxfbswiftui.debug.xcconfig"; path = "Target Support Files/Pods-piaxfbswiftui/Pods-piaxfbswiftui.debug.xcconfig"; sourceTree = "<group>"; };
		ABE7CDBA2746413F00A73578 /* piaxfbswiftui.app */ = {isa = PBXFileReference; explicitFileType = wrapper.application; includeInIndex = 0; path = piaxfbswiftui.app; sourceTree = BUILT_PRODUCTS_DIR; };
		ABE7CDBD2746413F00A73578 /* piaxfbswiftuiApp.swift */ = {isa = PBXFileReference; lastKnownFileType = sourcecode.swift; path = piaxfbswiftuiApp.swift; sourceTree = "<group>"; };
		ABE7CDBF2746413F00A73578 /* ContentView.swift */ = {isa = PBXFileReference; lastKnownFileType = sourcecode.swift; path = ContentView.swift; sourceTree = "<group>"; };
		ABE7CDC12746414000A73578 /* Assets.xcassets */ = {isa = PBXFileReference; lastKnownFileType = folder.assetcatalog; path = Assets.xcassets; sourceTree = "<group>"; };
		ABE7CDC42746414000A73578 /* Preview Assets.xcassets */ = {isa = PBXFileReference; lastKnownFileType = folder.assetcatalog; path = "Preview Assets.xcassets"; sourceTree = "<group>"; };
		ABE7CDCB2746420E00A73578 /* GoogleService-Info.plist */ = {isa = PBXFileReference; fileEncoding = 4; lastKnownFileType = text.plist.xml; path = "GoogleService-Info.plist"; sourceTree = "<group>"; };
		ABE7CDCD27464C3A00A73578 /* FBHelper.swift */ = {isa = PBXFileReference; lastKnownFileType = sourcecode.swift; path = FBHelper.swift; sourceTree = "<group>"; };
/* End PBXFileReference section */

/* Begin PBXFrameworksBuildPhase section */
		ABE7CDB72746413F00A73578 /* Frameworks */ = {
			isa = PBXFrameworksBuildPhase;
			buildActionMask = 2147483647;
			files = (
				81B982DC3783D8DE870C8672 /* Pods_piaxfbswiftui.framework in Frameworks */,
			);
			runOnlyForDeploymentPostprocessing = 0;
		};
/* End PBXFrameworksBuildPhase section */

/* Begin PBXGroup section */
		4374A42839D8EC21A93AF06A /* Pods */ = {
			isa = PBXGroup;
			children = (
				866C1D498BAEF36BA9E45B33 /* Pods-piaxfbswiftui.debug.xcconfig */,
				724BE15FAA4EC260B6E01284 /* Pods-piaxfbswiftui.release.xcconfig */,
			);
			path = Pods;
			sourceTree = "<group>";
		};
		71AFC2180598CDD0EFB97ABA /* Frameworks */ = {
			isa = PBXGroup;
			children = (
				0FE22738ED3444EB3934AA65 /* Pods_piaxfbswiftui.framework */,
			);
			name = Frameworks;
			sourceTree = "<group>";
		};
		ABE7CDB12746413F00A73578 = {
			isa = PBXGroup;
			children = (
				ABE7CDBC2746413F00A73578 /* piaxfbswiftui */,
				ABE7CDBB2746413F00A73578 /* Products */,
				4374A42839D8EC21A93AF06A /* Pods */,
				71AFC2180598CDD0EFB97ABA /* Frameworks */,
			);
			sourceTree = "<group>";
		};
		ABE7CDBB2746413F00A73578 /* Products */ = {
			isa = PBXGroup;
			children = (
				ABE7CDBA2746413F00A73578 /* piaxfbswiftui.app */,
			);
			name = Products;
			sourceTree = "<group>";
		};
		ABE7CDBC2746413F00A73578 /* piaxfbswiftui */ = {
			isa = PBXGroup;
			children = (
				ABE7CDCB2746420E00A73578 /* GoogleService-Info.plist */,
				ABE7CDBD2746413F00A73578 /* piaxfbswiftuiApp.swift */,
				ABE7CDBF2746413F00A73578 /* ContentView.swift */,
				ABE7CDCD27464C3A00A73578 /* FBHelper.swift */,
				ABE7CDC12746414000A73578 /* Assets.xcassets */,
				ABE7CDC32746414000A73578 /* Preview Content */,
			);
			path = piaxfbswiftui;
			sourceTree = "<group>";
		};
		ABE7CDC32746414000A73578 /* Preview Content */ = {
			isa = PBXGroup;
			children = (
				ABE7CDC42746414000A73578 /* Preview Assets.xcassets */,
			);
			path = "Preview Content";
			sourceTree = "<group>";
		};
/* End PBXGroup section */

/* Begin PBXNativeTarget section */
		ABE7CDB92746413F00A73578 /* piaxfbswiftui */ = {
			isa = PBXNativeTarget;
			buildConfigurationList = ABE7CDC82746414000A73578 /* Build configuration list for PBXNativeTarget "piaxfbswiftui" */;
			buildPhases = (
				2AE4EB51735B2E16A44DE969 /* [CP] Check Pods Manifest.lock */,
				ABE7CDB62746413F00A73578 /* Sources */,
				ABE7CDB72746413F00A73578 /* Frameworks */,
				ABE7CDB82746413F00A73578 /* Resources */,
				91F0A9A0F877CE8B5C8F0A5A /* [CP] Embed Pods Frameworks */,
			);
			buildRules = (
			);
			dependencies = (
			);
			name = piaxfbswiftui;
			productName = piaxfbswiftui;
			productReference = ABE7CDBA2746413F00A73578 /* piaxfbswiftui.app */;
			productType = "com.apple.product-type.application";
		};
/* End PBXNativeTarget section */

/* Begin PBXProject section */
		ABE7CDB22746413F00A73578 /* Project object */ = {
			isa = PBXProject;
			attributes = {
				BuildIndependentTargetsInParallel = 1;
				LastSwiftUpdateCheck = 1310;
				LastUpgradeCheck = 1310;
				TargetAttributes = {
					ABE7CDB92746413F00A73578 = {
						CreatedOnToolsVersion = 13.1;
					};
				};
			};
			buildConfigurationList = ABE7CDB52746413F00A73578 /* Build configuration list for PBXProject "piaxfbswiftui" */;
			compatibilityVersion = "Xcode 13.0";
			developmentRegion = en;
			hasScannedForEncodings = 0;
			knownRegions = (
				en,
				Base,
			);
			mainGroup = ABE7CDB12746413F00A73578;
			productRefGroup = ABE7CDBB2746413F00A73578 /* Products */;
			projectDirPath = "";
			projectRoot = "";
			targets = (
				ABE7CDB92746413F00A73578 /* piaxfbswiftui */,
			);
		};
/* End PBXProject section */

/* Begin PBXResourcesBuildPhase section */
		ABE7CDB82746413F00A73578 /* Resources */ = {
			isa = PBXResourcesBuildPhase;
			buildActionMask = 2147483647;
			files = (
				ABE7CDC52746414000A73578 /* Preview Assets.xcassets in Resources */,
				ABE7CDC22746414000A73578 /* Assets.xcassets in Resources */,
				ABE7CDCC2746420E00A73578 /* GoogleService-Info.plist in Resources */,
			);
			runOnlyForDeploymentPostprocessing = 0;
		};
/* End PBXResourcesBuildPhase section */

/* Begin PBXShellScriptBuildPhase section */
		2AE4EB51735B2E16A44DE969 /* [CP] Check Pods Manifest.lock */ = {
			isa = PBXShellScriptBuildPhase;
			buildActionMask = 2147483647;
			files = (
			);
			inputFileListPaths = (
			);
			inputPaths = (
				"${PODS_PODFILE_DIR_PATH}/Podfile.lock",
				"${PODS_ROOT}/Manifest.lock",
			);
			name = "[CP] Check Pods Manifest.lock";
			outputFileListPaths = (
			);
			outputPaths = (
				"$(DERIVED_FILE_DIR)/Pods-piaxfbswiftui-checkManifestLockResult.txt",
			);
			runOnlyForDeploymentPostprocessing = 0;
			shellPath = /bin/sh;
			shellScript = "diff \"${PODS_PODFILE_DIR_PATH}/Podfile.lock\" \"${PODS_ROOT}/Manifest.lock\" > /dev/null\nif [ $? != 0 ] ; then\n    # print error to STDERR\n    echo \"error: The sandbox is not in sync with the Podfile.lock. Run 'pod install' or update your CocoaPods installation.\" >&2\n    exit 1\nfi\n# This output is used by Xcode 'outputs' to avoid re-running this script phase.\necho \"SUCCESS\" > \"${SCRIPT_OUTPUT_FILE_0}\"\n";
			showEnvVarsInLog = 0;
		};
		91F0A9A0F877CE8B5C8F0A5A /* [CP] Embed Pods Frameworks */ = {
			isa = PBXShellScriptBuildPhase;
			buildActionMask = 2147483647;
			files = (
			);
			inputFileListPaths = (
				"${PODS_ROOT}/Target Support Files/Pods-piaxfbswiftui/Pods-piaxfbswiftui-frameworks-${CONFIGURATION}-input-files.xcfilelist",
			);
			name = "[CP] Embed Pods Frameworks";
			outputFileListPaths = (
				"${PODS_ROOT}/Target Support Files/Pods-piaxfbswiftui/Pods-piaxfbswiftui-frameworks-${CONFIGURATION}-output-files.xcfilelist",
			);
			runOnlyForDeploymentPostprocessing = 0;
			shellPath = /bin/sh;
			shellScript = "\"${PODS_ROOT}/Target Support Files/Pods-piaxfbswiftui/Pods-piaxfbswiftui-frameworks.sh\"\n";
			showEnvVarsInLog = 0;
		};
/* End PBXShellScriptBuildPhase section */

/* Begin PBXSourcesBuildPhase section */
		ABE7CDB62746413F00A73578 /* Sources */ = {
			isa = PBXSourcesBuildPhase;
			buildActionMask = 2147483647;
			files = (
				ABE7CDCE27464C3A00A73578 /* FBHelper.swift in Sources */,
				ABE7CDC02746413F00A73578 /* ContentView.swift in Sources */,
				ABE7CDBE2746413F00A73578 /* piaxfbswiftuiApp.swift in Sources */,
			);
			runOnlyForDeploymentPostprocessing = 0;
		};
/* End PBXSourcesBuildPhase section */

/* Begin XCBuildConfiguration section */
		ABE7CDC62746414000A73578 /* Debug */ = {
			isa = XCBuildConfiguration;
			buildSettings = {
				ALWAYS_SEARCH_USER_PATHS = NO;
				CLANG_ANALYZER_NONNULL = YES;
				CLANG_ANALYZER_NUMBER_OBJECT_CONVERSION = YES_AGGRESSIVE;
				CLANG_CXX_LANGUAGE_STANDARD = "gnu++17";
				CLANG_CXX_LIBRARY = "libc++";
				CLANG_ENABLE_MODULES = YES;
				CLANG_ENABLE_OBJC_ARC = YES;
				CLANG_ENABLE_OBJC_WEAK = YES;
				CLANG_WARN_BLOCK_CAPTURE_AUTORELEASING = YES;
				CLANG_WARN_BOOL_CONVERSION = YES;
				CLANG_WARN_COMMA = YES;
				CLANG_WARN_CONSTANT_CONVERSION = YES;
				CLANG_WARN_DEPRECATED_OBJC_IMPLEMENTATIONS = YES;
				CLANG_WARN_DIRECT_OBJC_ISA_USAGE = YES_ERROR;
				CLANG_WARN_DOCUMENTATION_COMMENTS = YES;
				CLANG_WARN_EMPTY_BODY = YES;
				CLANG_WARN_ENUM_CONVERSION = YES;
				CLANG_WARN_INFINITE_RECURSION = YES;
				CLANG_WARN_INT_CONVERSION = YES;
				CLANG_WARN_NON_LITERAL_NULL_CONVERSION = YES;
				CLANG_WARN_OBJC_IMPLICIT_RETAIN_SELF = YES;
				CLANG_WARN_OBJC_LITERAL_CONVERSION = YES;
				CLANG_WARN_OBJC_ROOT_CLASS = YES_ERROR;
				CLANG_WARN_QUOTED_INCLUDE_IN_FRAMEWORK_HEADER = YES;
				CLANG_WARN_RANGE_LOOP_ANALYSIS = YES;
				CLANG_WARN_STRICT_PROTOTYPES = YES;
				CLANG_WARN_SUSPICIOUS_MOVE = YES;
				CLANG_WARN_UNGUARDED_AVAILABILITY = YES_AGGRESSIVE;
				CLANG_WARN_UNREACHABLE_CODE = YES;
				CLANG_WARN__DUPLICATE_METHOD_MATCH = YES;
				COPY_PHASE_STRIP = NO;
				DEBUG_INFORMATION_FORMAT = dwarf;
				ENABLE_STRICT_OBJC_MSGSEND = YES;
				ENABLE_TESTABILITY = YES;
				GCC_C_LANGUAGE_STANDARD = gnu11;
				GCC_DYNAMIC_NO_PIC = NO;
				GCC_NO_COMMON_BLOCKS = YES;
				GCC_OPTIMIZATION_LEVEL = 0;
				GCC_PREPROCESSOR_DEFINITIONS = (
					"DEBUG=1",
					"$(inherited)",
				);
				GCC_WARN_64_TO_32_BIT_CONVERSION = YES;
				GCC_WARN_ABOUT_RETURN_TYPE = YES_ERROR;
				GCC_WARN_UNDECLARED_SELECTOR = YES;
				GCC_WARN_UNINITIALIZED_AUTOS = YES_AGGRESSIVE;
				GCC_WARN_UNUSED_FUNCTION = YES;
				GCC_WARN_UNUSED_VARIABLE = YES;
				IPHONEOS_DEPLOYMENT_TARGET = 15.0;
				MTL_ENABLE_DEBUG_INFO = INCLUDE_SOURCE;
				MTL_FAST_MATH = YES;
				ONLY_ACTIVE_ARCH = YES;
				SDKROOT = iphoneos;
				SWIFT_ACTIVE_COMPILATION_CONDITIONS = DEBUG;
				SWIFT_OPTIMIZATION_LEVEL = "-Onone";
			};
			name = Debug;
		};
		ABE7CDC72746414000A73578 /* Release */ = {
			isa = XCBuildConfiguration;
			buildSettings = {
				ALWAYS_SEARCH_USER_PATHS = NO;
				CLANG_ANALYZER_NONNULL = YES;
				CLANG_ANALYZER_NUMBER_OBJECT_CONVERSION = YES_AGGRESSIVE;
				CLANG_CXX_LANGUAGE_STANDARD = "gnu++17";
				CLANG_CXX_LIBRARY = "libc++";
				CLANG_ENABLE_MODULES = YES;
				CLANG_ENABLE_OBJC_ARC = YES;
				CLANG_ENABLE_OBJC_WEAK = YES;
				CLANG_WARN_BLOCK_CAPTURE_AUTORELEASING = YES;
				CLANG_WARN_BOOL_CONVERSION = YES;
				CLANG_WARN_COMMA = YES;
				CLANG_WARN_CONSTANT_CONVERSION = YES;
				CLANG_WARN_DEPRECATED_OBJC_IMPLEMENTATIONS = YES;
				CLANG_WARN_DIRECT_OBJC_ISA_USAGE = YES_ERROR;
				CLANG_WARN_DOCUMENTATION_COMMENTS = YES;
				CLANG_WARN_EMPTY_BODY = YES;
				CLANG_WARN_ENUM_CONVERSION = YES;
				CLANG_WARN_INFINITE_RECURSION = YES;
				CLANG_WARN_INT_CONVERSION = YES;
				CLANG_WARN_NON_LITERAL_NULL_CONVERSION = YES;
				CLANG_WARN_OBJC_IMPLICIT_RETAIN_SELF = YES;
				CLANG_WARN_OBJC_LITERAL_CONVERSION = YES;
				CLANG_WARN_OBJC_ROOT_CLASS = YES_ERROR;
				CLANG_WARN_QUOTED_INCLUDE_IN_FRAMEWORK_HEADER = YES;
				CLANG_WARN_RANGE_LOOP_ANALYSIS = YES;
				CLANG_WARN_STRICT_PROTOTYPES = YES;
				CLANG_WARN_SUSPICIOUS_MOVE = YES;
				CLANG_WARN_UNGUARDED_AVAILABILITY = YES_AGGRESSIVE;
				CLANG_WARN_UNREACHABLE_CODE = YES;
				CLANG_WARN__DUPLICATE_METHOD_MATCH = YES;
				COPY_PHASE_STRIP = NO;
				DEBUG_INFORMATION_FORMAT = "dwarf-with-dsym";
				ENABLE_NS_ASSERTIONS = NO;
				ENABLE_STRICT_OBJC_MSGSEND = YES;
				GCC_C_LANGUAGE_STANDARD = gnu11;
				GCC_NO_COMMON_BLOCKS = YES;
				GCC_WARN_64_TO_32_BIT_CONVERSION = YES;
				GCC_WARN_ABOUT_RETURN_TYPE = YES_ERROR;
				GCC_WARN_UNDECLARED_SELECTOR = YES;
				GCC_WARN_UNINITIALIZED_AUTOS = YES_AGGRESSIVE;
				GCC_WARN_UNUSED_FUNCTION = YES;
				GCC_WARN_UNUSED_VARIABLE = YES;
				IPHONEOS_DEPLOYMENT_TARGET = 15.0;
				MTL_ENABLE_DEBUG_INFO = NO;
				MTL_FAST_MATH = YES;
				SDKROOT = iphoneos;
				SWIFT_COMPILATION_MODE = wholemodule;
				SWIFT_OPTIMIZATION_LEVEL = "-O";
				VALIDATE_PRODUCT = YES;
			};
			name = Release;
		};
		ABE7CDC92746414000A73578 /* Debug */ = {
			isa = XCBuildConfiguration;
			baseConfigurationReference = 866C1D498BAEF36BA9E45B33 /* Pods-piaxfbswiftui.debug.xcconfig */;
			buildSettings = {
				ASSETCATALOG_COMPILER_APPICON_NAME = AppIcon;
				ASSETCATALOG_COMPILER_GLOBAL_ACCENT_COLOR_NAME = AccentColor;
				CODE_SIGN_STYLE = Automatic;
				CURRENT_PROJECT_VERSION = 1;
				DEVELOPMENT_ASSET_PATHS = "\"piaxfbswiftui/Preview Content\"";
				DEVELOPMENT_TEAM = 6SGQZ32758;
				ENABLE_PREVIEWS = YES;
				GENERATE_INFOPLIST_FILE = YES;
				INFOPLIST_KEY_UIApplicationSceneManifest_Generation = YES;
				INFOPLIST_KEY_UIApplicationSupportsIndirectInputEvents = YES;
				INFOPLIST_KEY_UILaunchScreen_Generation = YES;
				INFOPLIST_KEY_UISupportedInterfaceOrientations_iPad = "UIInterfaceOrientationPortrait UIInterfaceOrientationPortraitUpsideDown UIInterfaceOrientationLandscapeLeft UIInterfaceOrientationLandscapeRight";
				INFOPLIST_KEY_UISupportedInterfaceOrientations_iPhone = "UIInterfaceOrientationPortrait UIInterfaceOrientationLandscapeLeft UIInterfaceOrientationLandscapeRight";
				LD_RUNPATH_SEARCH_PATHS = (
					"$(inherited)",
					"@executable_path/Frameworks",
				);
				MARKETING_VERSION = 1.0;
				PRODUCT_BUNDLE_IDENTIFIER = se.magictechnology.piaxfbswiftui;
				PRODUCT_NAME = "$(TARGET_NAME)";
				SWIFT_EMIT_LOC_STRINGS = YES;
				SWIFT_VERSION = 5.0;
				TARGETED_DEVICE_FAMILY = "1,2";
			};
			name = Debug;
		};
		ABE7CDCA2746414000A73578 /* Release */ = {
			isa = XCBuildConfiguration;
			baseConfigurationReference = 724BE15FAA4EC260B6E01284 /* Pods-piaxfbswiftui.release.xcconfig */;
			buildSettings = {
				ASSETCATALOG_COMPILER_APPICON_NAME = AppIcon;
				ASSETCATALOG_COMPILER_GLOBAL_ACCENT_COLOR_NAME = AccentColor;
				CODE_SIGN_STYLE = Automatic;
				CURRENT_PROJECT_VERSION = 1;
				DEVELOPMENT_ASSET_PATHS = "\"piaxfbswiftui/Preview Content\"";
				DEVELOPMENT_TEAM = 6SGQZ32758;
				ENABLE_PREVIEWS = YES;
				GENERATE_INFOPLIST_FILE = YES;
				INFOPLIST_KEY_UIApplicationSceneManifest_Generation = YES;
				INFOPLIST_KEY_UIApplicationSupportsIndirectInputEvents = YES;
				INFOPLIST_KEY_UILaunchScreen_Generation = YES;
				INFOPLIST_KEY_UISupportedInterfaceOrientations_iPad = "UIInterfaceOrientationPortrait UIInterfaceOrientationPortraitUpsideDown UIInterfaceOrientationLandscapeLeft UIInterfaceOrientationLandscapeRight";
				INFOPLIST_KEY_UISupportedInterfaceOrientations_iPhone = "UIInterfaceOrientationPortrait UIInterfaceOrientationLandscapeLeft UIInterfaceOrientationLandscapeRight";
				LD_RUNPATH_SEARCH_PATHS = (
					"$(inherited)",
					"@executable_path/Frameworks",
				);
				MARKETING_VERSION = 1.0;
				PRODUCT_BUNDLE_IDENTIFIER = se.magictechnology.piaxfbswiftui;
				PRODUCT_NAME = "$(TARGET_NAME)";
				SWIFT_EMIT_LOC_STRINGS = YES;
				SWIFT_VERSION = 5.0;
				TARGETED_DEVICE_FAMILY = "1,2";
			};
			name = Release;
		};
/* End XCBuildConfiguration section */

/* Begin XCConfigurationList section */
		ABE7CDB52746413F00A73578 /* Build configuration list for PBXProject "piaxfbswiftui" */ = {
			isa = XCConfigurationList;
			buildConfigurations = (
				ABE7CDC62746414000A73578 /* Debug */,
				ABE7CDC72746414000A73578 /* Release */,
			);
			defaultConfigurationIsVisible = 0;
			defaultConfigurationName = Release;
		};
		ABE7CDC82746414000A73578 /* Build configuration list for PBXNativeTarget "piaxfbswiftui" */ = {
			isa = XCConfigurationList;
			buildConfigurations = (
				ABE7CDC92746414000A73578 /* Debug */,
				ABE7CDCA2746414000A73578 /* Release */,
			);
			defaultConfigurationIsVisible = 0;
			defaultConfigurationName = Release;
		};
/* End XCConfigurationList section */
	};
	rootObject = ABE7CDB22746413F00A73578 /* Project object */;
}
